
Microsoft Visual Studio Solution File, Format Version 12.00
# Visual Studio Version 17
VisualStudioVersion = 17.9.34607.119
MinimumVisualStudioVersion = 10.0.40219.1
Project("{FAE04EC0-301F-11D3-BF4B-00C04F79EFBC}") = "Online6GaleriAjax", "Online6GaleriAjax\Online6GaleriAjax.csproj", "{8BEF16D9-403B-4BCB-9C95-86D03C94AADE}"
EndProject
Global
	GlobalSection(SolutionConfigurationPlatforms) = preSolution
		Debug|Any CPU = Debug|Any CPU
		Release|Any CPU = Release|Any CPU
	EndGlobalSection
	GlobalSection(ProjectConfigurationPlatforms) = postSolution
		{8BEF16D9-403B-4BCB-9C95-86D03C94AADE}.Debug|Any CPU.ActiveCfg = Debug|Any CPU
		{8BEF16D9-403B-4BCB-9C95-86D03C94AADE}.Debug|Any CPU.Build.0 = Debug|Any CPU
		{8BEF16D9-403B-4BCB-9C95-86D03C94AADE}.Release|Any CPU.ActiveCfg = Release|Any CPU
		{8BEF16D9-403B-4BCB-9C95-86D03C94AADE}.Release|Any CPU.Build.0 = Release|Any CPU
	EndGlobalSection
	GlobalSection(SolutionProperties) = preSolution
		HideSolutionNode = FALSE
	EndGlobalSection
	GlobalSection(ExtensibilityGlobals) = postSolution
		SolutionGuid = {56E95D2A-2A84-423E-890F-73D9F705359F}
	EndGlobalSection
EndGlobal
